%{
  "connection": {:hex, :connection, "1.0.4", "a1cae72211f0eef17705aaededacac3eb30e6625b04a6117c1b2db6ace7d5976", [:mix], [], "hexpm"},
  "earmark": {:hex, :earmark, "1.2.3", "206eb2e2ac1a794aa5256f3982de7a76bf4579ff91cb28d0e17ea2c9491e46a4", [:mix], [], "hexpm"},
  "ex_doc": {:hex, :ex_doc, "0.17.1", "39f777415e769992e6732d9589dc5846ea587f01412241f4a774664c746affbb", [:mix], [{:earmark, "~> 1.1", [hex: :earmark, repo: "hexpm", optional: false]}], "hexpm"},
  "phoenix_pubsub": {:hex, :phoenix_pubsub, "1.0.2", "bfa7fd52788b5eaa09cb51ff9fcad1d9edfeb68251add458523f839392f034c1", [:mix], [], "hexpm"},
  "poolboy": {:hex, :poolboy, "1.5.1", "6b46163901cfd0a1b43d692657ed9d7e599853b3b21b95ae5ae0a777cf9b6ca8", [:rebar], [], "hexpm"},
  "redix": {:hex, :redix, "0.8.1", "c708ce37dd8d770bcb7a5df0447da7660233c50869edb0872e0d5ff1988eb271", [:mix], [], "hexpm"},
  "redix_pubsub": {:hex, :redix_pubsub, "0.5.0", "ce238708d8c0c98a13e912e1d5ff093fc7958816e3cdffae5763c33a439f7701", [:mix], [{:redix, "~> 0.8", [hex: :redix, repo: "hexpm", optional: false]}], "hexpm"},
}
